
Microsoft Visual Studio Solution File, Format Version 12.00
# Visual Studio 2013
VisualStudioVersion = 12.0.31101.0
MinimumVisualStudioVersion = 10.0.40219.1
Project("{FAE04EC0-301F-11D3-BF4B-00C04F79EFBC}") = "TeamCityOctopusDemo.Web", "TeamCityOctopusDemo.Web\TeamCityOctopusDemo.Web.csproj", "{60680566-6E72-40B2-8CD1-C3461D5101D6}"
EndProject
Project("{FAE04EC0-301F-11D3-BF4B-00C04F79EFBC}") = "TeamCityOctopusDemo.Models", "TeamCityOctopusDemo.Models\TeamCityOctopusDemo.Models.csproj", "{A979256C-E650-40CF-874B-79D1BA1FEA27}"
EndProject
Project("{FAE04EC0-301F-11D3-BF4B-00C04F79EFBC}") = "TeamCityOctopusDemo.Models.Tests", "TeamCityOctopusDemo.Models.Tests\TeamCityOctopusDemo.Models.Tests.csproj", "{C4F344F8-2665-49FC-90D1-A6EF86A4FAC9}"
EndProject
Global
	GlobalSection(SolutionConfigurationPlatforms) = preSolution
		Debug|Any CPU = Debug|Any CPU
		Release|Any CPU = Release|Any CPU
	EndGlobalSection
	GlobalSection(ProjectConfigurationPlatforms) = postSolution
		{60680566-6E72-40B2-8CD1-C3461D5101D6}.Debug|Any CPU.ActiveCfg = Debug|Any CPU
		{60680566-6E72-40B2-8CD1-C3461D5101D6}.Debug|Any CPU.Build.0 = Debug|Any CPU
		{60680566-6E72-40B2-8CD1-C3461D5101D6}.Release|Any CPU.ActiveCfg = Release|Any CPU
		{60680566-6E72-40B2-8CD1-C3461D5101D6}.Release|Any CPU.Build.0 = Release|Any CPU
		{A979256C-E650-40CF-874B-79D1BA1FEA27}.Debug|Any CPU.ActiveCfg = Debug|Any CPU
		{A979256C-E650-40CF-874B-79D1BA1FEA27}.Debug|Any CPU.Build.0 = Debug|Any CPU
		{A979256C-E650-40CF-874B-79D1BA1FEA27}.Release|Any CPU.ActiveCfg = Release|Any CPU
		{A979256C-E650-40CF-874B-79D1BA1FEA27}.Release|Any CPU.Build.0 = Release|Any CPU
		{C4F344F8-2665-49FC-90D1-A6EF86A4FAC9}.Debug|Any CPU.ActiveCfg = Debug|Any CPU
		{C4F344F8-2665-49FC-90D1-A6EF86A4FAC9}.Debug|Any CPU.Build.0 = Debug|Any CPU
		{C4F344F8-2665-49FC-90D1-A6EF86A4FAC9}.Release|Any CPU.ActiveCfg = Release|Any CPU
		{C4F344F8-2665-49FC-90D1-A6EF86A4FAC9}.Release|Any CPU.Build.0 = Release|Any CPU
	EndGlobalSection
	GlobalSection(SolutionProperties) = preSolution
		HideSolutionNode = FALSE
	EndGlobalSection
EndGlobal
